
Microsoft Visual Studio Solution File, Format Version 12.00
# Visual Studio Version 17
VisualStudioVersion = 17.3.32901.215
MinimumVisualStudioVersion = 10.0.40219.1
Project("{FAE04EC0-301F-11D3-BF4B-00C04F79EFBC}") = "iett-uygulama-1", "iett-uygulama-1\iett-uygulama-1.csproj", "{06169B98-17BA-40B3-BDE5-E3F0287AAEA8}"
EndProject
Global
	GlobalSection(SolutionConfigurationPlatforms) = preSolution
		Debug|Any CPU = Debug|Any CPU
		Release|Any CPU = Release|Any CPU
	EndGlobalSection
	GlobalSection(ProjectConfigurationPlatforms) = postSolution
		{06169B98-17BA-40B3-BDE5-E3F0287AAEA8}.Debug|Any CPU.ActiveCfg = Debug|Any CPU
		{06169B98-17BA-40B3-BDE5-E3F0287AAEA8}.Debug|Any CPU.Build.0 = Debug|Any CPU
		{06169B98-17BA-40B3-BDE5-E3F0287AAEA8}.Release|Any CPU.ActiveCfg = Release|Any CPU
		{06169B98-17BA-40B3-BDE5-E3F0287AAEA8}.Release|Any CPU.Build.0 = Release|Any CPU
	EndGlobalSection
	GlobalSection(SolutionProperties) = preSolution
		HideSolutionNode = FALSE
	EndGlobalSection
	GlobalSection(ExtensibilityGlobals) = postSolution
		SolutionGuid = {46C9254E-4A36-4331-A824-57D5BA16388F}
	EndGlobalSection
EndGlobal
